// !$*UTF8*$!
{
	archiveVersion = 1;
	classes = {
	};
	objectVersion = 55;
	objects = {

/* Begin PBXBuildFile section */
		3E09B90827FBA8CF00DDDC4F /* SearchVC.swift in Sources */ = {isa = PBXBuildFile; fileRef = 3E09B90727FBA8CF00DDDC4F /* SearchVC.swift */; };
		3E09B90A27FBA92900DDDC4F /* FavoritesListVC.swift in Sources */ = {isa = PBXBuildFile; fileRef = 3E09B90927FBA92900DDDC4F /* FavoritesListVC.swift */; };
		3E09B90C27FBB1C300DDDC4F /* GFButton.swift in Sources */ = {isa = PBXBuildFile; fileRef = 3E09B90B27FBB1C300DDDC4F /* GFButton.swift */; };
		3E09B90E27FBB58A00DDDC4F /* GFTextField.swift in Sources */ = {isa = PBXBuildFile; fileRef = 3E09B90D27FBB58A00DDDC4F /* GFTextField.swift */; };
		3E09B91027FBFBD400DDDC4F /* FollowerListVC.swift in Sources */ = {isa = PBXBuildFile; fileRef = 3E09B90F27FBFBD400DDDC4F /* FollowerListVC.swift */; };
		3E09B91427FC025D00DDDC4F /* GFTitleLabel.swift in Sources */ = {isa = PBXBuildFile; fileRef = 3E09B91327FC025D00DDDC4F /* GFTitleLabel.swift */; };
		3E09B91627FC046900DDDC4F /* GFBodyLabel.swift in Sources */ = {isa = PBXBuildFile; fileRef = 3E09B91527FC046900DDDC4F /* GFBodyLabel.swift */; };
		3E09B91827FC053900DDDC4F /* GFAlertVC.swift in Sources */ = {isa = PBXBuildFile; fileRef = 3E09B91727FC053900DDDC4F /* GFAlertVC.swift */; };
		3E0BD82628079942008BFB46 /* GFError.swift in Sources */ = {isa = PBXBuildFile; fileRef = 3E0BD82528079942008BFB46 /* GFError.swift */; };
		3E0BD82B2807C715008BFB46 /* FollowerCell.swift in Sources */ = {isa = PBXBuildFile; fileRef = 3E0BD82A2807C715008BFB46 /* FollowerCell.swift */; };
		3E0BD82D2807C7E5008BFB46 /* GFAvatarImageView.swift in Sources */ = {isa = PBXBuildFile; fileRef = 3E0BD82C2807C7E5008BFB46 /* GFAvatarImageView.swift */; };
		3E1B21A227FB83E800782B6F /* AppDelegate.swift in Sources */ = {isa = PBXBuildFile; fileRef = 3E1B21A127FB83E800782B6F /* AppDelegate.swift */; };
		3E1B21A427FB83E800782B6F /* SceneDelegate.swift in Sources */ = {isa = PBXBuildFile; fileRef = 3E1B21A327FB83E800782B6F /* SceneDelegate.swift */; };
		3E1B21AB27FB83E900782B6F /* Assets.xcassets in Resources */ = {isa = PBXBuildFile; fileRef = 3E1B21AA27FB83E900782B6F /* Assets.xcassets */; };
		3E1B21AE27FB83E900782B6F /* LaunchScreen.storyboard in Resources */ = {isa = PBXBuildFile; fileRef = 3E1B21AC27FB83E900782B6F /* LaunchScreen.storyboard */; };
		3E565FA028091FBF00E1EA0C /* UIHelper.swift in Sources */ = {isa = PBXBuildFile; fileRef = 3E565F9F28091FBF00E1EA0C /* UIHelper.swift */; };
		3E8E7F41280A77360022959D /* GFEmptyStateView.swift in Sources */ = {isa = PBXBuildFile; fileRef = 3E8E7F40280A77360022959D /* GFEmptyStateView.swift */; };
		3EE01A662804DD2B00AA1C1F /* Follower.swift in Sources */ = {isa = PBXBuildFile; fileRef = 3EE01A652804DD2B00AA1C1F /* Follower.swift */; };
		3EE01A682804DDD500AA1C1F /* User.swift in Sources */ = {isa = PBXBuildFile; fileRef = 3EE01A672804DDD500AA1C1F /* User.swift */; };
		3EE01A6B2804E87600AA1C1F /* NetworkManager.swift in Sources */ = {isa = PBXBuildFile; fileRef = 3EE01A6A2804E87600AA1C1F /* NetworkManager.swift */; };
		3EE395F427FFE0E200DD26C6 /* UIViewController+Ext.swift in Sources */ = {isa = PBXBuildFile; fileRef = 3EE395F327FFE0E200DD26C6 /* UIViewController+Ext.swift */; };
/* End PBXBuildFile section */

/* Begin PBXFileReference section */
		3E09B90727FBA8CF00DDDC4F /* SearchVC.swift */ = {isa = PBXFileReference; lastKnownFileType = sourcecode.swift; path = SearchVC.swift; sourceTree = "<group>"; };
		3E09B90927FBA92900DDDC4F /* FavoritesListVC.swift */ = {isa = PBXFileReference; lastKnownFileType = sourcecode.swift; path = FavoritesListVC.swift; sourceTree = "<group>"; };
		3E09B90B27FBB1C300DDDC4F /* GFButton.swift */ = {isa = PBXFileReference; lastKnownFileType = sourcecode.swift; path = GFButton.swift; sourceTree = "<group>"; };
		3E09B90D27FBB58A00DDDC4F /* GFTextField.swift */ = {isa = PBXFileReference; lastKnownFileType = sourcecode.swift; path = GFTextField.swift; sourceTree = "<group>"; };
		3E09B90F27FBFBD400DDDC4F /* FollowerListVC.swift */ = {isa = PBXFileReference; lastKnownFileType = sourcecode.swift; path = FollowerListVC.swift; sourceTree = "<group>"; };
		3E09B91327FC025D00DDDC4F /* GFTitleLabel.swift */ = {isa = PBXFileReference; lastKnownFileType = sourcecode.swift; path = GFTitleLabel.swift; sourceTree = "<group>"; };
		3E09B91527FC046900DDDC4F /* GFBodyLabel.swift */ = {isa = PBXFileReference; lastKnownFileType = sourcecode.swift; path = GFBodyLabel.swift; sourceTree = "<group>"; };
		3E09B91727FC053900DDDC4F /* GFAlertVC.swift */ = {isa = PBXFileReference; lastKnownFileType = sourcecode.swift; path = GFAlertVC.swift; sourceTree = "<group>"; };
		3E0BD82528079942008BFB46 /* GFError.swift */ = {isa = PBXFileReference; lastKnownFileType = sourcecode.swift; path = GFError.swift; sourceTree = "<group>"; };
		3E0BD82A2807C715008BFB46 /* FollowerCell.swift */ = {isa = PBXFileReference; lastKnownFileType = sourcecode.swift; path = FollowerCell.swift; sourceTree = "<group>"; };
		3E0BD82C2807C7E5008BFB46 /* GFAvatarImageView.swift */ = {isa = PBXFileReference; lastKnownFileType = sourcecode.swift; path = GFAvatarImageView.swift; sourceTree = "<group>"; };
		3E1B219E27FB83E800782B6F /* GHFollowers.app */ = {isa = PBXFileReference; explicitFileType = wrapper.application; includeInIndex = 0; path = GHFollowers.app; sourceTree = BUILT_PRODUCTS_DIR; };
		3E1B21A127FB83E800782B6F /* AppDelegate.swift */ = {isa = PBXFileReference; lastKnownFileType = sourcecode.swift; path = AppDelegate.swift; sourceTree = "<group>"; };
		3E1B21A327FB83E800782B6F /* SceneDelegate.swift */ = {isa = PBXFileReference; lastKnownFileType = sourcecode.swift; path = SceneDelegate.swift; sourceTree = "<group>"; };
		3E1B21AA27FB83E900782B6F /* Assets.xcassets */ = {isa = PBXFileReference; lastKnownFileType = folder.assetcatalog; path = Assets.xcassets; sourceTree = "<group>"; };
		3E1B21AD27FB83E900782B6F /* Base */ = {isa = PBXFileReference; lastKnownFileType = file.storyboard; name = Base; path = Base.lproj/LaunchScreen.storyboard; sourceTree = "<group>"; };
		3E1B21AF27FB83E900782B6F /* Info.plist */ = {isa = PBXFileReference; lastKnownFileType = text.plist.xml; path = Info.plist; sourceTree = "<group>"; };
		3E565F9F28091FBF00E1EA0C /* UIHelper.swift */ = {isa = PBXFileReference; lastKnownFileType = sourcecode.swift; path = UIHelper.swift; sourceTree = "<group>"; };
		3E8E7F40280A77360022959D /* GFEmptyStateView.swift */ = {isa = PBXFileReference; lastKnownFileType = sourcecode.swift; path = GFEmptyStateView.swift; sourceTree = "<group>"; };
		3EE01A652804DD2B00AA1C1F /* Follower.swift */ = {isa = PBXFileReference; lastKnownFileType = sourcecode.swift; path = Follower.swift; sourceTree = "<group>"; };
		3EE01A672804DDD500AA1C1F /* User.swift */ = {isa = PBXFileReference; lastKnownFileType = sourcecode.swift; path = User.swift; sourceTree = "<group>"; };
		3EE01A6A2804E87600AA1C1F /* NetworkManager.swift */ = {isa = PBXFileReference; lastKnownFileType = sourcecode.swift; path = NetworkManager.swift; sourceTree = "<group>"; };
		3EE395F327FFE0E200DD26C6 /* UIViewController+Ext.swift */ = {isa = PBXFileReference; lastKnownFileType = sourcecode.swift; path = "UIViewController+Ext.swift"; sourceTree = "<group>"; };
/* End PBXFileReference section */

/* Begin PBXFrameworksBuildPhase section */
		3E1B219B27FB83E800782B6F /* Frameworks */ = {
			isa = PBXFrameworksBuildPhase;
			buildActionMask = 2147483647;
			files = (
			);
			runOnlyForDeploymentPostprocessing = 0;
		};
/* End PBXFrameworksBuildPhase section */

/* Begin PBXGroup section */
		3E0BD82428079921008BFB46 /* Utilities */ = {
			isa = PBXGroup;
			children = (
				3E0BD82528079942008BFB46 /* GFError.swift */,
				3E565F9F28091FBF00E1EA0C /* UIHelper.swift */,
			);
			path = Utilities;
			sourceTree = "<group>";
		};
		3E0BD8292807C679008BFB46 /* Cells */ = {
			isa = PBXGroup;
			children = (
				3E0BD82A2807C715008BFB46 /* FollowerCell.swift */,
			);
			path = Cells;
			sourceTree = "<group>";
		};
		3E1B219527FB83E800782B6F = {
			isa = PBXGroup;
			children = (
				3E1B21A027FB83E800782B6F /* GHFollowers */,
				3E1B219F27FB83E800782B6F /* Products */,
			);
			sourceTree = "<group>";
		};
		3E1B219F27FB83E800782B6F /* Products */ = {
			isa = PBXGroup;
			children = (
				3E1B219E27FB83E800782B6F /* GHFollowers.app */,
			);
			name = Products;
			sourceTree = "<group>";
		};
		3E1B21A027FB83E800782B6F /* GHFollowers */ = {
			isa = PBXGroup;
			children = (
				3E0BD82428079921008BFB46 /* Utilities */,
				3EE01A692804E86300AA1C1F /* Managers */,
				3EE01A632804DD0300AA1C1F /* Models */,
				3EE01A5D2803E05F00AA1C1F /* Extensions */,
				3EE01A5C2803E02C00AA1C1F /* CustomViews */,
				3EE01A5B2803DFF300AA1C1F /* Screens */,
				3EE01A5E2803E0BB00AA1C1F /* Support */,
				3E1B21AC27FB83E900782B6F /* LaunchScreen.storyboard */,
				3E1B21AF27FB83E900782B6F /* Info.plist */,
				3E1B21AA27FB83E900782B6F /* Assets.xcassets */,
			);
			path = GHFollowers;
			sourceTree = "<group>";
		};
		3E8E7F39280A74E20022959D /* Views */ = {
			isa = PBXGroup;
			children = (
				3E8E7F40280A77360022959D /* GFEmptyStateView.swift */,
			);
			path = Views;
			sourceTree = "<group>";
		};
		3E8E7F3A280A75280022959D /* Buttons */ = {
			isa = PBXGroup;
			children = (
				3E09B90B27FBB1C300DDDC4F /* GFButton.swift */,
			);
			path = Buttons;
			sourceTree = "<group>";
		};
		3E8E7F3B280A75340022959D /* TextFields */ = {
			isa = PBXGroup;
			children = (
				3E09B90D27FBB58A00DDDC4F /* GFTextField.swift */,
			);
			path = TextFields;
			sourceTree = "<group>";
		};
		3E8E7F3C280A753E0022959D /* ImageViews */ = {
			isa = PBXGroup;
			children = (
				3E0BD82C2807C7E5008BFB46 /* GFAvatarImageView.swift */,
			);
			path = ImageViews;
			sourceTree = "<group>";
		};
		3E8E7F3D280A75500022959D /* ViewControllers */ = {
			isa = PBXGroup;
			children = (
				3E09B91727FC053900DDDC4F /* GFAlertVC.swift */,
			);
			path = ViewControllers;
			sourceTree = "<group>";
		};
		3E8E7F3E280A75920022959D /* Labels */ = {
			isa = PBXGroup;
			children = (
				3E09B91327FC025D00DDDC4F /* GFTitleLabel.swift */,
				3E09B91527FC046900DDDC4F /* GFBodyLabel.swift */,
			);
			path = Labels;
			sourceTree = "<group>";
		};
		3EE01A5B2803DFF300AA1C1F /* Screens */ = {
			isa = PBXGroup;
			children = (
				3E09B90727FBA8CF00DDDC4F /* SearchVC.swift */,
				3E09B90F27FBFBD400DDDC4F /* FollowerListVC.swift */,
				3E09B90927FBA92900DDDC4F /* FavoritesListVC.swift */,
			);
			path = Screens;
			sourceTree = "<group>";
		};
		3EE01A5C2803E02C00AA1C1F /* CustomViews */ = {
			isa = PBXGroup;
			children = (
				3E8E7F3D280A75500022959D /* ViewControllers */,
				3E8E7F3E280A75920022959D /* Labels */,
				3E8E7F3C280A753E0022959D /* ImageViews */,
				3E8E7F3B280A75340022959D /* TextFields */,
				3E8E7F3A280A75280022959D /* Buttons */,
				3E8E7F39280A74E20022959D /* Views */,
				3E0BD8292807C679008BFB46 /* Cells */,
			);
			path = CustomViews;
			sourceTree = "<group>";
		};
		3EE01A5D2803E05F00AA1C1F /* Extensions */ = {
			isa = PBXGroup;
			children = (
				3EE395F327FFE0E200DD26C6 /* UIViewController+Ext.swift */,
			);
			path = Extensions;
			sourceTree = "<group>";
		};
		3EE01A5E2803E0BB00AA1C1F /* Support */ = {
			isa = PBXGroup;
			children = (
				3E1B21A327FB83E800782B6F /* SceneDelegate.swift */,
				3E1B21A127FB83E800782B6F /* AppDelegate.swift */,
			);
			path = Support;
			sourceTree = "<group>";
		};
		3EE01A632804DD0300AA1C1F /* Models */ = {
			isa = PBXGroup;
			children = (
				3EE01A652804DD2B00AA1C1F /* Follower.swift */,
				3EE01A672804DDD500AA1C1F /* User.swift */,
			);
			path = Models;
			sourceTree = "<group>";
		};
		3EE01A692804E86300AA1C1F /* Managers */ = {
			isa = PBXGroup;
			children = (
				3EE01A6A2804E87600AA1C1F /* NetworkManager.swift */,
			);
			path = Managers;
			sourceTree = "<group>";
		};
/* End PBXGroup section */

/* Begin PBXNativeTarget section */
		3E1B219D27FB83E800782B6F /* GHFollowers */ = {
			isa = PBXNativeTarget;
			buildConfigurationList = 3E1B21B227FB83E900782B6F /* Build configuration list for PBXNativeTarget "GHFollowers" */;
			buildPhases = (
				3E1B219A27FB83E800782B6F /* Sources */,
				3E1B219B27FB83E800782B6F /* Frameworks */,
				3E1B219C27FB83E800782B6F /* Resources */,
			);
			buildRules = (
			);
			dependencies = (
			);
			name = GHFollowers;
			productName = GHFollowers;
			productReference = 3E1B219E27FB83E800782B6F /* GHFollowers.app */;
			productType = "com.apple.product-type.application";
		};
/* End PBXNativeTarget section */

/* Begin PBXProject section */
		3E1B219627FB83E800782B6F /* Project object */ = {
			isa = PBXProject;
			attributes = {
				BuildIndependentTargetsInParallel = 1;
				LastSwiftUpdateCheck = 1330;
				LastUpgradeCheck = 1330;
				TargetAttributes = {
					3E1B219D27FB83E800782B6F = {
						CreatedOnToolsVersion = 13.3;
					};
				};
			};
			buildConfigurationList = 3E1B219927FB83E800782B6F /* Build configuration list for PBXProject "GHFollowers" */;
			compatibilityVersion = "Xcode 13.0";
			developmentRegion = en;
			hasScannedForEncodings = 0;
			knownRegions = (
				en,
				Base,
			);
			mainGroup = 3E1B219527FB83E800782B6F;
			productRefGroup = 3E1B219F27FB83E800782B6F /* Products */;
			projectDirPath = "";
			projectRoot = "";
			targets = (
				3E1B219D27FB83E800782B6F /* GHFollowers */,
			);
		};
/* End PBXProject section */

/* Begin PBXResourcesBuildPhase section */
		3E1B219C27FB83E800782B6F /* Resources */ = {
			isa = PBXResourcesBuildPhase;
			buildActionMask = 2147483647;
			files = (
				3E1B21AE27FB83E900782B6F /* LaunchScreen.storyboard in Resources */,
				3E1B21AB27FB83E900782B6F /* Assets.xcassets in Resources */,
			);
			runOnlyForDeploymentPostprocessing = 0;
		};
/* End PBXResourcesBuildPhase section */

/* Begin PBXSourcesBuildPhase section */
		3E1B219A27FB83E800782B6F /* Sources */ = {
			isa = PBXSourcesBuildPhase;
			buildActionMask = 2147483647;
			files = (
				3E8E7F41280A77360022959D /* GFEmptyStateView.swift in Sources */,
				3E09B90E27FBB58A00DDDC4F /* GFTextField.swift in Sources */,
				3E09B90A27FBA92900DDDC4F /* FavoritesListVC.swift in Sources */,
				3EE395F427FFE0E200DD26C6 /* UIViewController+Ext.swift in Sources */,
				3E09B90827FBA8CF00DDDC4F /* SearchVC.swift in Sources */,
				3E1B21A227FB83E800782B6F /* AppDelegate.swift in Sources */,
				3E565FA028091FBF00E1EA0C /* UIHelper.swift in Sources */,
				3EE01A6B2804E87600AA1C1F /* NetworkManager.swift in Sources */,
				3E0BD82628079942008BFB46 /* GFError.swift in Sources */,
				3E0BD82B2807C715008BFB46 /* FollowerCell.swift in Sources */,
				3E0BD82D2807C7E5008BFB46 /* GFAvatarImageView.swift in Sources */,
				3E09B91027FBFBD400DDDC4F /* FollowerListVC.swift in Sources */,
				3EE01A682804DDD500AA1C1F /* User.swift in Sources */,
				3E09B91827FC053900DDDC4F /* GFAlertVC.swift in Sources */,
				3EE01A662804DD2B00AA1C1F /* Follower.swift in Sources */,
				3E1B21A427FB83E800782B6F /* SceneDelegate.swift in Sources */,
				3E09B91427FC025D00DDDC4F /* GFTitleLabel.swift in Sources */,
				3E09B90C27FBB1C300DDDC4F /* GFButton.swift in Sources */,
				3E09B91627FC046900DDDC4F /* GFBodyLabel.swift in Sources */,
			);
			runOnlyForDeploymentPostprocessing = 0;
		};
/* End PBXSourcesBuildPhase section */

/* Begin PBXVariantGroup section */
		3E1B21AC27FB83E900782B6F /* LaunchScreen.storyboard */ = {
			isa = PBXVariantGroup;
			children = (
				3E1B21AD27FB83E900782B6F /* Base */,
			);
			name = LaunchScreen.storyboard;
			sourceTree = "<group>";
		};
/* End PBXVariantGroup section */

/* Begin XCBuildConfiguration section */
		3E1B21B027FB83E900782B6F /* Debug */ = {
			isa = XCBuildConfiguration;
			buildSettings = {
				ALWAYS_SEARCH_USER_PATHS = NO;
				CLANG_ANALYZER_NONNULL = YES;
				CLANG_ANALYZER_NUMBER_OBJECT_CONVERSION = YES_AGGRESSIVE;
				CLANG_CXX_LANGUAGE_STANDARD = "gnu++17";
				CLANG_ENABLE_MODULES = YES;
				CLANG_ENABLE_OBJC_ARC = YES;
				CLANG_ENABLE_OBJC_WEAK = YES;
				CLANG_WARN_BLOCK_CAPTURE_AUTORELEASING = YES;
				CLANG_WARN_BOOL_CONVERSION = YES;
				CLANG_WARN_COMMA = YES;
				CLANG_WARN_CONSTANT_CONVERSION = YES;
				CLANG_WARN_DEPRECATED_OBJC_IMPLEMENTATIONS = YES;
				CLANG_WARN_DIRECT_OBJC_ISA_USAGE = YES_ERROR;
				CLANG_WARN_DOCUMENTATION_COMMENTS = YES;
				CLANG_WARN_EMPTY_BODY = YES;
				CLANG_WARN_ENUM_CONVERSION = YES;
				CLANG_WARN_INFINITE_RECURSION = YES;
				CLANG_WARN_INT_CONVERSION = YES;
				CLANG_WARN_NON_LITERAL_NULL_CONVERSION = YES;
				CLANG_WARN_OBJC_IMPLICIT_RETAIN_SELF = YES;
				CLANG_WARN_OBJC_LITERAL_CONVERSION = YES;
				CLANG_WARN_OBJC_ROOT_CLASS = YES_ERROR;
				CLANG_WARN_QUOTED_INCLUDE_IN_FRAMEWORK_HEADER = YES;
				CLANG_WARN_RANGE_LOOP_ANALYSIS = YES;
				CLANG_WARN_STRICT_PROTOTYPES = YES;
				CLANG_WARN_SUSPICIOUS_MOVE = YES;
				CLANG_WARN_UNGUARDED_AVAILABILITY = YES_AGGRESSIVE;
				CLANG_WARN_UNREACHABLE_CODE = YES;
				CLANG_WARN__DUPLICATE_METHOD_MATCH = YES;
				COPY_PHASE_STRIP = NO;
				DEBUG_INFORMATION_FORMAT = dwarf;
				ENABLE_STRICT_OBJC_MSGSEND = YES;
				ENABLE_TESTABILITY = YES;
				GCC_C_LANGUAGE_STANDARD = gnu11;
				GCC_DYNAMIC_NO_PIC = NO;
				GCC_NO_COMMON_BLOCKS = YES;
				GCC_OPTIMIZATION_LEVEL = 0;
				GCC_PREPROCESSOR_DEFINITIONS = (
					"DEBUG=1",
					"$(inherited)",
				);
				GCC_WARN_64_TO_32_BIT_CONVERSION = YES;
				GCC_WARN_ABOUT_RETURN_TYPE = YES_ERROR;
				GCC_WARN_UNDECLARED_SELECTOR = YES;
				GCC_WARN_UNINITIALIZED_AUTOS = YES_AGGRESSIVE;
				GCC_WARN_UNUSED_FUNCTION = YES;
				GCC_WARN_UNUSED_VARIABLE = YES;
				IPHONEOS_DEPLOYMENT_TARGET = 14.3;
				MTL_ENABLE_DEBUG_INFO = INCLUDE_SOURCE;
				MTL_FAST_MATH = YES;
				ONLY_ACTIVE_ARCH = YES;
				SDKROOT = iphoneos;
				SWIFT_ACTIVE_COMPILATION_CONDITIONS = DEBUG;
				SWIFT_OPTIMIZATION_LEVEL = "-Onone";
			};
			name = Debug;
		};
		3E1B21B127FB83E900782B6F /* Release */ = {
			isa = XCBuildConfiguration;
			buildSettings = {
				ALWAYS_SEARCH_USER_PATHS = NO;
				CLANG_ANALYZER_NONNULL = YES;
				CLANG_ANALYZER_NUMBER_OBJECT_CONVERSION = YES_AGGRESSIVE;
				CLANG_CXX_LANGUAGE_STANDARD = "gnu++17";
				CLANG_ENABLE_MODULES = YES;
				CLANG_ENABLE_OBJC_ARC = YES;
				CLANG_ENABLE_OBJC_WEAK = YES;
				CLANG_WARN_BLOCK_CAPTURE_AUTORELEASING = YES;
				CLANG_WARN_BOOL_CONVERSION = YES;
				CLANG_WARN_COMMA = YES;
				CLANG_WARN_CONSTANT_CONVERSION = YES;
				CLANG_WARN_DEPRECATED_OBJC_IMPLEMENTATIONS = YES;
				CLANG_WARN_DIRECT_OBJC_ISA_USAGE = YES_ERROR;
				CLANG_WARN_DOCUMENTATION_COMMENTS = YES;
				CLANG_WARN_EMPTY_BODY = YES;
				CLANG_WARN_ENUM_CONVERSION = YES;
				CLANG_WARN_INFINITE_RECURSION = YES;
				CLANG_WARN_INT_CONVERSION = YES;
				CLANG_WARN_NON_LITERAL_NULL_CONVERSION = YES;
				CLANG_WARN_OBJC_IMPLICIT_RETAIN_SELF = YES;
				CLANG_WARN_OBJC_LITERAL_CONVERSION = YES;
				CLANG_WARN_OBJC_ROOT_CLASS = YES_ERROR;
				CLANG_WARN_QUOTED_INCLUDE_IN_FRAMEWORK_HEADER = YES;
				CLANG_WARN_RANGE_LOOP_ANALYSIS = YES;
				CLANG_WARN_STRICT_PROTOTYPES = YES;
				CLANG_WARN_SUSPICIOUS_MOVE = YES;
				CLANG_WARN_UNGUARDED_AVAILABILITY = YES_AGGRESSIVE;
				CLANG_WARN_UNREACHABLE_CODE = YES;
				CLANG_WARN__DUPLICATE_METHOD_MATCH = YES;
				COPY_PHASE_STRIP = NO;
				DEBUG_INFORMATION_FORMAT = "dwarf-with-dsym";
				ENABLE_NS_ASSERTIONS = NO;
				ENABLE_STRICT_OBJC_MSGSEND = YES;
				GCC_C_LANGUAGE_STANDARD = gnu11;
				GCC_NO_COMMON_BLOCKS = YES;
				GCC_WARN_64_TO_32_BIT_CONVERSION = YES;
				GCC_WARN_ABOUT_RETURN_TYPE = YES_ERROR;
				GCC_WARN_UNDECLARED_SELECTOR = YES;
				GCC_WARN_UNINITIALIZED_AUTOS = YES_AGGRESSIVE;
				GCC_WARN_UNUSED_FUNCTION = YES;
				GCC_WARN_UNUSED_VARIABLE = YES;
				IPHONEOS_DEPLOYMENT_TARGET = 14.3;
				MTL_ENABLE_DEBUG_INFO = NO;
				MTL_FAST_MATH = YES;
				SDKROOT = iphoneos;
				SWIFT_COMPILATION_MODE = wholemodule;
				SWIFT_OPTIMIZATION_LEVEL = "-O";
				VALIDATE_PRODUCT = YES;
			};
			name = Release;
		};
		3E1B21B327FB83E900782B6F /* Debug */ = {
			isa = XCBuildConfiguration;
			buildSettings = {
				ASSETCATALOG_COMPILER_APPICON_NAME = AppIcon;
				ASSETCATALOG_COMPILER_GLOBAL_ACCENT_COLOR_NAME = AccentColor;
				CODE_SIGN_STYLE = Automatic;
				CURRENT_PROJECT_VERSION = 1;
				DEVELOPMENT_TEAM = Y9UNY8645A;
				GENERATE_INFOPLIST_FILE = YES;
				INFOPLIST_FILE = GHFollowers/Info.plist;
				INFOPLIST_KEY_UIApplicationSupportsIndirectInputEvents = YES;
				INFOPLIST_KEY_UILaunchStoryboardName = LaunchScreen;
				INFOPLIST_KEY_UISupportedInterfaceOrientations_iPad = "UIInterfaceOrientationPortrait UIInterfaceOrientationPortraitUpsideDown UIInterfaceOrientationLandscapeLeft UIInterfaceOrientationLandscapeRight";
				INFOPLIST_KEY_UISupportedInterfaceOrientations_iPhone = "UIInterfaceOrientationPortrait UIInterfaceOrientationLandscapeLeft UIInterfaceOrientationLandscapeRight";
				IPHONEOS_DEPLOYMENT_TARGET = 15.2;
				LD_RUNPATH_SEARCH_PATHS = (
					"$(inherited)",
					"@executable_path/Frameworks",
				);
				MARKETING_VERSION = 1.0;
				PRODUCT_BUNDLE_IDENTIFIER = nicolas.rios.GHFollowers;
				PRODUCT_NAME = "$(TARGET_NAME)";
				SWIFT_EMIT_LOC_STRINGS = YES;
				SWIFT_VERSION = 5.0;
				TARGETED_DEVICE_FAMILY = 1;
			};
			name = Debug;
		};
		3E1B21B427FB83E900782B6F /* Release */ = {
			isa = XCBuildConfiguration;
			buildSettings = {
				ASSETCATALOG_COMPILER_APPICON_NAME = AppIcon;
				ASSETCATALOG_COMPILER_GLOBAL_ACCENT_COLOR_NAME = AccentColor;
				CODE_SIGN_STYLE = Automatic;
				CURRENT_PROJECT_VERSION = 1;
				DEVELOPMENT_TEAM = Y9UNY8645A;
				GENERATE_INFOPLIST_FILE = YES;
				INFOPLIST_FILE = GHFollowers/Info.plist;
				INFOPLIST_KEY_UIApplicationSupportsIndirectInputEvents = YES;
				INFOPLIST_KEY_UILaunchStoryboardName = LaunchScreen;
				INFOPLIST_KEY_UISupportedInterfaceOrientations_iPad = "UIInterfaceOrientationPortrait UIInterfaceOrientationPortraitUpsideDown UIInterfaceOrientationLandscapeLeft UIInterfaceOrientationLandscapeRight";
				INFOPLIST_KEY_UISupportedInterfaceOrientations_iPhone = "UIInterfaceOrientationPortrait UIInterfaceOrientationLandscapeLeft UIInterfaceOrientationLandscapeRight";
				IPHONEOS_DEPLOYMENT_TARGET = 15.2;
				LD_RUNPATH_SEARCH_PATHS = (
					"$(inherited)",
					"@executable_path/Frameworks",
				);
				MARKETING_VERSION = 1.0;
				PRODUCT_BUNDLE_IDENTIFIER = nicolas.rios.GHFollowers;
				PRODUCT_NAME = "$(TARGET_NAME)";
				SWIFT_EMIT_LOC_STRINGS = YES;
				SWIFT_VERSION = 5.0;
				TARGETED_DEVICE_FAMILY = 1;
			};
			name = Release;
		};
/* End XCBuildConfiguration section */

/* Begin XCConfigurationList section */
		3E1B219927FB83E800782B6F /* Build configuration list for PBXProject "GHFollowers" */ = {
			isa = XCConfigurationList;
			buildConfigurations = (
				3E1B21B027FB83E900782B6F /* Debug */,
				3E1B21B127FB83E900782B6F /* Release */,
			);
			defaultConfigurationIsVisible = 0;
			defaultConfigurationName = Release;
		};
		3E1B21B227FB83E900782B6F /* Build configuration list for PBXNativeTarget "GHFollowers" */ = {
			isa = XCConfigurationList;
			buildConfigurations = (
				3E1B21B327FB83E900782B6F /* Debug */,
				3E1B21B427FB83E900782B6F /* Release */,
			);
			defaultConfigurationIsVisible = 0;
			defaultConfigurationName = Release;
		};
/* End XCConfigurationList section */
	};
	rootObject = 3E1B219627FB83E800782B6F /* Project object */;
}
